
Microsoft Visual Studio Solution File, Format Version 12.00
# Visual Studio Version 17
VisualStudioVersion = 17.12.35323.107
MinimumVisualStudioVersion = 10.0.40219.1
Project("{FAE04EC0-301F-11D3-BF4B-00C04F79EFBC}") = "GastosApp", "GastosApp\GastosApp.csproj", "{808BBED3-4DEE-43EC-838D-C054BCE000F9}"
EndProject
Global
	GlobalSection(SolutionConfigurationPlatforms) = preSolution
		Debug|Any CPU = Debug|Any CPU
		Release|Any CPU = Release|Any CPU
	EndGlobalSection
	GlobalSection(ProjectConfigurationPlatforms) = postSolution
		{808BBED3-4DEE-43EC-838D-C054BCE000F9}.Debug|Any CPU.ActiveCfg = Debug|Any CPU
		{808BBED3-4DEE-43EC-838D-C054BCE000F9}.Debug|Any CPU.Build.0 = Debug|Any CPU
		{808BBED3-4DEE-43EC-838D-C054BCE000F9}.Release|Any CPU.ActiveCfg = Release|Any CPU
		{808BBED3-4DEE-43EC-838D-C054BCE000F9}.Release|Any CPU.Build.0 = Release|Any CPU
	EndGlobalSection
	GlobalSection(SolutionProperties) = preSolution
		HideSolutionNode = FALSE
	EndGlobalSection
	GlobalSection(ExtensibilityGlobals) = postSolution
		SolutionGuid = {2FBA4048-1244-4AA0-AFD8-4C17C48F92B3}
	EndGlobalSection
EndGlobal
